
Microsoft Visual Studio Solution File, Format Version 12.00
# Visual Studio 15
VisualStudioVersion = 15.0.28307.2092
MinimumVisualStudioVersion = 10.0.40219.1
Project("{FAE04EC0-301F-11D3-BF4B-00C04F79EFBC}") = "AdventOfCode4.Part1", "AdventOfCode4.Part1\AdventOfCode4.Part1.csproj", "{EF620EC4-25FC-4A5A-81A9-82D65245A5D1}"
EndProject
Project("{FAE04EC0-301F-11D3-BF4B-00C04F79EFBC}") = "AdventOfCode4.Part2", "AdventOfCode4.Part2\AdventOfCode4.Part2.csproj", "{A2F0758E-E554-46E6-B534-75595F925E24}"
EndProject
EndProject
Global
	GlobalSection(SolutionConfigurationPlatforms) = preSolution
		Debug|Any CPU = Debug|Any CPU
		Release|Any CPU = Release|Any CPU
	EndGlobalSection
	GlobalSection(ProjectConfigurationPlatforms) = postSolution
		{EF620EC4-25FC-4A5A-81A9-82D65245A5D1}.Debug|Any CPU.ActiveCfg = Debug|Any CPU
		{EF620EC4-25FC-4A5A-81A9-82D65245A5D1}.Debug|Any CPU.Build.0 = Debug|Any CPU
		{EF620EC4-25FC-4A5A-81A9-82D65245A5D1}.Release|Any CPU.ActiveCfg = Release|Any CPU
		{EF620EC4-25FC-4A5A-81A9-82D65245A5D1}.Release|Any CPU.Build.0 = Release|Any CPU
		{A2F0758E-E554-46E6-B534-75595F925E24}.Debug|Any CPU.ActiveCfg = Debug|Any CPU
		{A2F0758E-E554-46E6-B534-75595F925E24}.Debug|Any CPU.Build.0 = Debug|Any CPU
		{A2F0758E-E554-46E6-B534-75595F925E24}.Release|Any CPU.ActiveCfg = Release|Any CPU
		{A2F0758E-E554-46E6-B534-75595F925E24}.Release|Any CPU.Build.0 = Release|Any CPU
		{E1ABA257-DEFF-4973-8F53-6DC8B7896616}.Debug|Any CPU.ActiveCfg = Debug|Any CPU
		{E1ABA257-DEFF-4973-8F53-6DC8B7896616}.Debug|Any CPU.Build.0 = Debug|Any CPU
		{E1ABA257-DEFF-4973-8F53-6DC8B7896616}.Release|Any CPU.ActiveCfg = Release|Any CPU
		{E1ABA257-DEFF-4973-8F53-6DC8B7896616}.Release|Any CPU.Build.0 = Release|Any CPU
	EndGlobalSection
	GlobalSection(SolutionProperties) = preSolution
		HideSolutionNode = FALSE
	EndGlobalSection
	GlobalSection(ExtensibilityGlobals) = postSolution
		SolutionGuid = {36AD8399-FBB4-4892-9760-197D57D7607A}
	EndGlobalSection
EndGlobal
