
Microsoft Visual Studio Solution File, Format Version 12.00
# Visual Studio 15
VisualStudioVersion = 15.0.28307.2092
MinimumVisualStudioVersion = 10.0.40219.1
Project("{FAE04EC0-301F-11D3-BF4B-00C04F79EFBC}") = "AdventOfCode3.Part1", "AdventOfCode3.Part1\AdventOfCode3.Part1.csproj", "{CDC948B6-6F6E-4C5E-B56E-C5C0B681F0FE}"
EndProject
Project("{FAE04EC0-301F-11D3-BF4B-00C04F79EFBC}") = "AdventOfCode3.Part2", "AdventOfCode3.Part2\AdventOfCode3.Part2.csproj", "{FDA2505C-75EE-4BE0-9343-0420972FA8D0}"
EndProject
Global
	GlobalSection(SolutionConfigurationPlatforms) = preSolution
		Debug|Any CPU = Debug|Any CPU
		Release|Any CPU = Release|Any CPU
	EndGlobalSection
	GlobalSection(ProjectConfigurationPlatforms) = postSolution
		{CDC948B6-6F6E-4C5E-B56E-C5C0B681F0FE}.Debug|Any CPU.ActiveCfg = Debug|Any CPU
		{CDC948B6-6F6E-4C5E-B56E-C5C0B681F0FE}.Debug|Any CPU.Build.0 = Debug|Any CPU
		{CDC948B6-6F6E-4C5E-B56E-C5C0B681F0FE}.Release|Any CPU.ActiveCfg = Release|Any CPU
		{CDC948B6-6F6E-4C5E-B56E-C5C0B681F0FE}.Release|Any CPU.Build.0 = Release|Any CPU
		{FDA2505C-75EE-4BE0-9343-0420972FA8D0}.Debug|Any CPU.ActiveCfg = Debug|Any CPU
		{FDA2505C-75EE-4BE0-9343-0420972FA8D0}.Debug|Any CPU.Build.0 = Debug|Any CPU
		{FDA2505C-75EE-4BE0-9343-0420972FA8D0}.Release|Any CPU.ActiveCfg = Release|Any CPU
		{FDA2505C-75EE-4BE0-9343-0420972FA8D0}.Release|Any CPU.Build.0 = Release|Any CPU
	EndGlobalSection
	GlobalSection(SolutionProperties) = preSolution
		HideSolutionNode = FALSE
	EndGlobalSection
	GlobalSection(ExtensibilityGlobals) = postSolution
		SolutionGuid = {6AD7C69D-EDD2-44C9-AB9B-1F293CFE6C9D}
	EndGlobalSection
EndGlobal
